{
    "version": 3,
    "terraform_version": "0.10.6",
    "serial": 41,
    "lineage": "1e0bea4a-3d32-4366-bbf0-99531744e429",
    "modules": [
        {
            "path": [
                "root"
            ],
            "outputs": {},
            "resources": {},
            "depends_on": []
        },
        {
            "path": [
                "root",
                "aws_iam"
            ],
            "outputs": {},
            "resources": {
                "aws_iam_user_policy.terraform": {
                    "type": "aws_iam_user_policy",
                    "depends_on": [],
                    "primary": {
                        "id": "terraform:user-terraform-policy",
                        "attributes": {
                            "id": "terraform:user-terraform-policy",
                            "name": "user-terraform-policy",
                            "policy": "{\n  \"Version\": \"2012-10-17\",\n  \"Statement\": [\n    {\n      \"Effect\": \"Allow\",\n      \"Action\": [\n        \"iam:PutUserPolicy\",\n        \"iam:GetUserPolicy\"\n      ],\n      \"Resource\": [\n        \"arn:aws:iam::420538485983:user/terraform\"\n      ]\n    },\n    {\n      \"Effect\": \"Allow\",\n      \"Action\": [\n        \"s3:*\"\n      ],\n      \"Resource\": [\n        \"arn:aws:s3:::terraform.brewmap.co\",\n        \"arn:aws:s3:::terraform.brewmap.co/*\",\n        \"*\"\n      ]\n    },\n    {\n      \"Effect\": \"Allow\",\n      \"Action\": [\n        \"cloudformation:*\",\n        \"ec2:*\",\n        \"autoscaling:*\",\n        \"dynamodb:*\",\n        \"logs:*\",\n        \"sqs:*\",\n        \"iam:*\",\n        \"elasticloadbalancing:*\",\n        \"elasticfilesystem:*\",\n        \"lambda:*\"\n      ],\n      \"Resource\": [\n        \"*\"\n      ]\n    }\n  ]\n}\n",
                            "user": "terraform"
                        },
                        "meta": {},
                        "tainted": false
                    },
                    "deposed": [],
                    "provider": ""
                }
            },
            "depends_on": []
        },
        {
            "path": [
                "root",
                "docker-swarm"
            ],
            "outputs": {},
            "resources": {
                "aws_cloudformation_stack.docker_swarm": {
                    "type": "aws_cloudformation_stack",
                    "depends_on": [
                        "aws_key_pair.docker_swarm"
                    ],
                    "primary": {
                        "id": "arn:aws:cloudformation:us-east-1:420538485983:stack/docker-for-aws-swarm/e63a8b90-ad68-11e7-9a08-500c286fcc61",
                        "attributes": {
                            "capabilities.#": "1",
                            "capabilities.1328347040": "CAPABILITY_IAM",
                            "id": "arn:aws:cloudformation:us-east-1:420538485983:stack/docker-for-aws-swarm/e63a8b90-ad68-11e7-9a08-500c286fcc61",
                            "name": "docker-for-aws-swarm",
                            "parameters.%": "6",
                            "parameters.ClusterSize": "1",
                            "parameters.EnableSystemPrune": "yes",
                            "parameters.InstanceType": "t2.micro",
                            "parameters.KeyName": "docker_swarm",
                            "parameters.ManagerInstanceType": "t2.small",
                            "parameters.ManagerSize": "1",
                            "template_url": "https://editions-us-east-1.s3.amazonaws.com/aws/stable/Docker.tmpl"
                        },
                        "meta": {
                            "e2bfb730-ecaa-11e6-8f88-34363bc7c4c0": {
                                "create": 1800000000000,
                                "delete": 1800000000000,
                                "update": 1800000000000
                            }
                        },
                        "tainted": false
                    },
                    "deposed": [],
                    "provider": ""
                },
                "aws_key_pair.docker_swarm": {
                    "type": "aws_key_pair",
                    "depends_on": [],
                    "primary": {
                        "id": "docker_swarm",
                        "attributes": {
                            "fingerprint": "d8:14:5f:1e:ca:8b:ab:d7:0c:95:6c:99:20:cd:c3:7b",
                            "id": "docker_swarm",
                            "key_name": "docker_swarm",
                            "public_key": "ssh-rsa AAAAB3NzaC1yc2EAAAADAQABAAACAQC0hJyUI6KSZbRZ3k3xy5StHJlHx5YOAumjPhhcVNZryRpBIWSXRNnMqC24OYl8a2o3r/wfF8MQGDajqh5R1zGudFIHBbYylmJcDDUUa/Lcc53fSquoDh0DnaRoMYpdo51rmvrBOSTo5DCP8aJkTL+EeKscPZhNFyYiAJFJM3fuXWVcBZPMraQ0IGS9bUyPvjkPXmD016ooR06PZUkOEeDCoNZ0EfobLl5Kd300SwrOjLVbnHRSGgxukvJd6t/zZyzSLOrxPswhCzTOiiI+srYYlz4sLO7L6KMjT8JtQr9Bj4SjW0Y4Jsm2iVvBTL5e4LgsdQMvE63YnJRr7BhZqsPjUHUJcvZ6Ej612/hIaVD+8K/6kEmNrwb/BiO8n8eCMVPQBFsfme2vGZqt9c0z5BG49u2NWmrwhj4w+H/yx67vQoRJD7XpnhFTIHY+1pN6XeZuTc3E/6ATLihadd5Ww/KbI5h7W7K2RLxc7KiG4Sb4X+T8W2OFOQecEvkibC6+cQuHkJjyFnoFes4VqhE3E5AUACcu+LDorGFX5+mb+EPXq5Mm/LUURkrS7WE5vo/3udemsdQ+DRKfCXOrudnkvAO6IRDLffWIGJ/0f0a2be5YEuT1Ek44ORe1Ojc1q713zXoXJG4GyEOWvM3ZpEvh3isWXMRi5u1IqVAyHGq5MqT8JQ== timmyers09@gmail.com"
                        },
                        "meta": {
                            "schema_version": "1"
                        },
                        "tainted": false
                    },
                    "deposed": [],
                    "provider": ""
                }
            },
            "depends_on": []
        }
    ]
}
