{
    "version": 3,
    "terraform_version": "0.10.8",
    "serial": 62,
    "lineage": "1e0bea4a-3d32-4366-bbf0-99531744e429",
    "modules": [
        {
            "path": [
                "root"
            ],
            "outputs": {},
            "resources": {},
            "depends_on": []
        },
        {
            "path": [
                "root",
                "api"
            ],
            "outputs": {},
            "resources": {
                "aws_route53_zone.brewmap-co": {
                    "type": "aws_route53_zone",
                    "depends_on": [],
                    "primary": {
                        "id": "Z2U5SA0TYQ9PHF",
                        "attributes": {
                            "comment": "Managed by Terraform",
                            "force_destroy": "false",
                            "id": "Z2U5SA0TYQ9PHF",
                            "name": "brewmap.co",
                            "name_servers.#": "4",
                            "name_servers.0": "ns-1171.awsdns-18.org",
                            "name_servers.1": "ns-1563.awsdns-03.co.uk",
                            "name_servers.2": "ns-398.awsdns-49.com",
                            "name_servers.3": "ns-581.awsdns-08.net",
                            "tags.%": "0",
                            "zone_id": "Z2U5SA0TYQ9PHF"
                        },
                        "meta": {},
                        "tainted": false
                    },
                    "deposed": [],
                    "provider": ""
                }
            },
            "depends_on": []
        },
        {
            "path": [
                "root",
                "aws_dynamodb"
            ],
            "outputs": {},
            "resources": {},
            "depends_on": []
        },
        {
            "path": [
                "root",
                "aws_iam"
            ],
            "outputs": {},
            "resources": {
                "aws_iam_user_policy.terraform": {
                    "type": "aws_iam_user_policy",
                    "depends_on": [],
                    "primary": {
                        "id": "terraform:user-terraform-policy",
                        "attributes": {
                            "id": "terraform:user-terraform-policy",
                            "name": "user-terraform-policy",
                            "policy": "{\n  \"Version\": \"2012-10-17\",\n  \"Statement\": [\n    {\n      \"Effect\": \"Allow\",\n      \"Action\": [\n        \"iam:PutUserPolicy\",\n        \"iam:GetUserPolicy\"\n      ],\n      \"Resource\": [\n        \"arn:aws:iam::420538485983:user/terraform\"\n      ]\n    },\n    {\n      \"Effect\": \"Allow\",\n      \"Action\": [\n        \"s3:*\"\n      ],\n      \"Resource\": [\n        \"arn:aws:s3:::terraform.brewmap.co\",\n        \"arn:aws:s3:::terraform.brewmap.co/*\",\n        \"*\"\n      ]\n    },\n    {\n      \"Effect\": \"Allow\",\n      \"Action\": [\n        \"route53:*\",\n        \"acm:*\",\n        \"cloudfront:*\"\n      ],\n      \"Resource\": [\n        \"*\"\n      ]\n    }\n  ]\n}\n",
                            "user": "terraform"
                        },
                        "meta": {},
                        "tainted": false
                    },
                    "deposed": [],
                    "provider": ""
                }
            },
            "depends_on": []
        },
        {
            "path": [
                "root",
                "aws_simpledb"
            ],
            "outputs": {},
            "resources": {},
            "depends_on": []
        },
        {
            "path": [
                "root",
                "aws_static_hosting"
            ],
            "outputs": {},
            "resources": {
                "aws_cloudfront_distribution.www": {
                    "type": "aws_cloudfront_distribution",
                    "depends_on": [
                        "aws_s3_bucket.logs",
                        "aws_s3_bucket.s3",
                        "data.aws_acm_certificate.wildcard"
                    ],
                    "primary": {
                        "id": "E2BKA2AXW5LSMP",
                        "attributes": {
                            "active_trusted_signers.%": "2",
                            "active_trusted_signers.enabled": "false",
                            "active_trusted_signers.items.#": "0",
                            "aliases.#": "1",
                            "aliases.2100061426": "www.brewmap.co",
                            "arn": "arn:aws:cloudfront::420538485983:distribution/E2BKA2AXW5LSMP",
                            "cache_behavior.#": "0",
                            "caller_reference": "2017-11-07T17:42:39.598875-07:00",
                            "comment": "brewmap static site",
                            "custom_error_response.#": "1",
                            "custom_error_response.1927780292.error_caching_min_ttl": "0",
                            "custom_error_response.1927780292.error_code": "404",
                            "custom_error_response.1927780292.response_code": "200",
                            "custom_error_response.1927780292.response_page_path": "/index.html",
                            "default_cache_behavior.#": "1",
                            "default_cache_behavior.2398950811.allowed_methods.#": "2",
                            "default_cache_behavior.2398950811.allowed_methods.0": "HEAD",
                            "default_cache_behavior.2398950811.allowed_methods.1": "GET",
                            "default_cache_behavior.2398950811.cached_methods.#": "2",
                            "default_cache_behavior.2398950811.cached_methods.0": "HEAD",
                            "default_cache_behavior.2398950811.cached_methods.1": "GET",
                            "default_cache_behavior.2398950811.compress": "true",
                            "default_cache_behavior.2398950811.default_ttl": "3600",
                            "default_cache_behavior.2398950811.forwarded_values.#": "1",
                            "default_cache_behavior.2398950811.forwarded_values.2759845635.cookies.#": "1",
                            "default_cache_behavior.2398950811.forwarded_values.2759845635.cookies.2625240281.forward": "none",
                            "default_cache_behavior.2398950811.forwarded_values.2759845635.cookies.2625240281.whitelisted_names.#": "0",
                            "default_cache_behavior.2398950811.forwarded_values.2759845635.headers.#": "0",
                            "default_cache_behavior.2398950811.forwarded_values.2759845635.query_string": "false",
                            "default_cache_behavior.2398950811.forwarded_values.2759845635.query_string_cache_keys.#": "0",
                            "default_cache_behavior.2398950811.lambda_function_association.#": "0",
                            "default_cache_behavior.2398950811.max_ttl": "86400",
                            "default_cache_behavior.2398950811.min_ttl": "0",
                            "default_cache_behavior.2398950811.smooth_streaming": "false",
                            "default_cache_behavior.2398950811.target_origin_id": "S3-www.brewmap.co",
                            "default_cache_behavior.2398950811.trusted_signers.#": "0",
                            "default_cache_behavior.2398950811.viewer_protocol_policy": "redirect-to-https",
                            "default_root_object": "index.html",
                            "domain_name": "d2l4xydbvtfo88.cloudfront.net",
                            "enabled": "true",
                            "etag": "EHD7H3RVCBRXS",
                            "hosted_zone_id": "Z2FDTNDATAQYW2",
                            "http_version": "http2",
                            "id": "E2BKA2AXW5LSMP",
                            "in_progress_validation_batches": "0",
                            "is_ipv6_enabled": "false",
                            "last_modified_time": "2017-11-08 00:42:39.896 +0000 UTC",
                            "logging_config.#": "1",
                            "logging_config.1868577633.bucket": "cflogs.www.brewmap.co.s3.amazonaws.com",
                            "logging_config.1868577633.include_cookies": "false",
                            "logging_config.1868577633.prefix": "",
                            "origin.#": "1",
                            "origin.1374702412.custom_header.#": "0",
                            "origin.1374702412.custom_origin_config.#": "0",
                            "origin.1374702412.domain_name": "www.brewmap.co.s3.amazonaws.com",
                            "origin.1374702412.origin_id": "S3-www.brewmap.co",
                            "origin.1374702412.origin_path": "",
                            "origin.1374702412.s3_origin_config.#": "0",
                            "price_class": "PriceClass_All",
                            "restrictions.#": "1",
                            "restrictions.3175625323.geo_restriction.#": "1",
                            "restrictions.3175625323.geo_restriction.3498714084.locations.#": "1",
                            "restrictions.3175625323.geo_restriction.3498714084.locations.0": "US",
                            "restrictions.3175625323.geo_restriction.3498714084.restriction_type": "whitelist",
                            "retain_on_delete": "false",
                            "status": "Deployed",
                            "tags.%": "0",
                            "viewer_certificate.#": "1",
                            "viewer_certificate.2577362810.acm_certificate_arn": "arn:aws:acm:us-east-1:420538485983:certificate/dc46b58d-f6a1-4aae-a76c-5072da943452",
                            "viewer_certificate.2577362810.cloudfront_default_certificate": "false",
                            "viewer_certificate.2577362810.iam_certificate_id": "",
                            "viewer_certificate.2577362810.minimum_protocol_version": "TLSv1",
                            "viewer_certificate.2577362810.ssl_support_method": "sni-only",
                            "web_acl_id": ""
                        },
                        "meta": {},
                        "tainted": false
                    },
                    "deposed": [],
                    "provider": ""
                },
                "aws_route53_record.record": {
                    "type": "aws_route53_record",
                    "depends_on": [
                        "aws_cloudfront_distribution.www",
                        "aws_route53_zone.brewmap-co"
                    ],
                    "primary": {
                        "id": "Z2XTLJTJPILEFJ_www.brewmap.co_A",
                        "attributes": {
                            "alias.#": "1",
                            "alias.3550182689.evaluate_target_health": "false",
                            "alias.3550182689.name": "d2l4xydbvtfo88.cloudfront.net",
                            "alias.3550182689.zone_id": "Z2FDTNDATAQYW2",
                            "fqdn": "www.brewmap.co",
                            "health_check_id": "",
                            "id": "Z2XTLJTJPILEFJ_www.brewmap.co_A",
                            "name": "www.brewmap.co",
                            "records.#": "0",
                            "set_identifier": "",
                            "ttl": "0",
                            "type": "A",
                            "zone_id": "Z2XTLJTJPILEFJ"
                        },
                        "meta": {
                            "schema_version": "2"
                        },
                        "tainted": false
                    },
                    "deposed": [],
                    "provider": ""
                },
                "aws_route53_zone.brewmap-co": {
                    "type": "aws_route53_zone",
                    "depends_on": [],
                    "primary": {
                        "id": "Z2XTLJTJPILEFJ",
                        "attributes": {
                            "comment": "Managed by Terraform",
                            "force_destroy": "false",
                            "id": "Z2XTLJTJPILEFJ",
                            "name": "brewmap.co",
                            "name_servers.#": "4",
                            "name_servers.0": "ns-1408.awsdns-48.org",
                            "name_servers.1": "ns-1847.awsdns-38.co.uk",
                            "name_servers.2": "ns-417.awsdns-52.com",
                            "name_servers.3": "ns-607.awsdns-11.net",
                            "tags.%": "0",
                            "zone_id": "Z2XTLJTJPILEFJ"
                        },
                        "meta": {},
                        "tainted": false
                    },
                    "deposed": [],
                    "provider": ""
                },
                "aws_s3_bucket.logs": {
                    "type": "aws_s3_bucket",
                    "depends_on": [],
                    "primary": {
                        "id": "cflogs.www.brewmap.co",
                        "attributes": {
                            "acceleration_status": "",
                            "acl": "private",
                            "arn": "arn:aws:s3:::cflogs.www.brewmap.co",
                            "bucket": "cflogs.www.brewmap.co",
                            "bucket_domain_name": "cflogs.www.brewmap.co.s3.amazonaws.com",
                            "force_destroy": "false",
                            "hosted_zone_id": "Z3AQBSTGFYJSTF",
                            "id": "cflogs.www.brewmap.co",
                            "logging.#": "0",
                            "region": "us-east-1",
                            "request_payer": "BucketOwner",
                            "tags.%": "0",
                            "versioning.#": "1",
                            "versioning.0.enabled": "false",
                            "versioning.0.mfa_delete": "false",
                            "website.#": "0"
                        },
                        "meta": {},
                        "tainted": false
                    },
                    "deposed": [],
                    "provider": ""
                },
                "aws_s3_bucket.s3": {
                    "type": "aws_s3_bucket",
                    "depends_on": [],
                    "primary": {
                        "id": "www.brewmap.co",
                        "attributes": {
                            "acceleration_status": "",
                            "acl": "public-read",
                            "arn": "arn:aws:s3:::www.brewmap.co",
                            "bucket": "www.brewmap.co",
                            "bucket_domain_name": "www.brewmap.co.s3.amazonaws.com",
                            "force_destroy": "false",
                            "hosted_zone_id": "Z3AQBSTGFYJSTF",
                            "id": "www.brewmap.co",
                            "logging.#": "0",
                            "policy": "{\"Statement\":[{\"Action\":\"s3:GetObject\",\"Effect\":\"Allow\",\"Principal\":\"*\",\"Resource\":\"arn:aws:s3:::www.brewmap.co/*\",\"Sid\":\"AllowPublicRead\"}],\"Version\":\"2012-10-17\"}",
                            "region": "us-east-1",
                            "request_payer": "BucketOwner",
                            "tags.%": "0",
                            "versioning.#": "1",
                            "versioning.0.enabled": "false",
                            "versioning.0.mfa_delete": "false",
                            "website.#": "1",
                            "website.0.error_document": "index.html",
                            "website.0.index_document": "index.html",
                            "website.0.redirect_all_requests_to": "",
                            "website.0.routing_rules": "",
                            "website_domain": "s3-website-us-east-1.amazonaws.com",
                            "website_endpoint": "www.brewmap.co.s3-website-us-east-1.amazonaws.com"
                        },
                        "meta": {},
                        "tainted": false
                    },
                    "deposed": [],
                    "provider": ""
                },
                "data.aws_acm_certificate.wildcard": {
                    "type": "aws_acm_certificate",
                    "depends_on": [],
                    "primary": {
                        "id": "2017-12-01 01:55:51.790983 +0000 UTC",
                        "attributes": {
                            "arn": "arn:aws:acm:us-east-1:420538485983:certificate/dc46b58d-f6a1-4aae-a76c-5072da943452",
                            "domain": "*.brewmap.co",
                            "id": "2017-12-01 01:55:51.790983 +0000 UTC",
                            "statuses.#": "1",
                            "statuses.0": "ISSUED"
                        },
                        "meta": {},
                        "tainted": false
                    },
                    "deposed": [],
                    "provider": ""
                }
            },
            "depends_on": []
        },
        {
            "path": [
                "root",
                "docker-swarm"
            ],
            "outputs": {},
            "resources": {},
            "depends_on": []
        }
    ]
}
