{
    "version": 3,
    "terraform_version": "0.10.8",
    "serial": 59,
    "lineage": "1e0bea4a-3d32-4366-bbf0-99531744e429",
    "modules": [
        {
            "path": [
                "root"
            ],
            "outputs": {},
            "resources": {},
            "depends_on": []
        },
        {
            "path": [
                "root",
                "aws_dynamodb"
            ],
            "outputs": {},
            "resources": {},
            "depends_on": []
        },
        {
            "path": [
                "root",
                "aws_iam"
            ],
            "outputs": {},
            "resources": {
                "aws_iam_user_policy.terraform": {
                    "type": "aws_iam_user_policy",
                    "depends_on": [],
                    "primary": {
                        "id": "terraform:user-terraform-policy",
                        "attributes": {
                            "id": "terraform:user-terraform-policy",
                            "name": "user-terraform-policy",
                            "policy": "{\n  \"Version\": \"2012-10-17\",\n  \"Statement\": [\n    {\n      \"Effect\": \"Allow\",\n      \"Action\": [\n        \"iam:PutUserPolicy\",\n        \"iam:GetUserPolicy\"\n      ],\n      \"Resource\": [\n        \"arn:aws:iam::420538485983:user/terraform\"\n      ]\n    },\n    {\n      \"Effect\": \"Allow\",\n      \"Action\": [\n        \"s3:*\"\n      ],\n      \"Resource\": [\n        \"arn:aws:s3:::terraform.brewmap.co\",\n        \"arn:aws:s3:::terraform.brewmap.co/*\",\n        \"*\"\n      ]\n    },\n    {\n      \"Effect\": \"Allow\",\n      \"Action\": [\n        \"route53:*\",\n        \"acm:*\",\n        \"cloudfront:*\"\n      ],\n      \"Resource\": [\n        \"*\"\n      ]\n    }\n  ]\n}\n",
                            "user": "terraform"
                        },
                        "meta": {},
                        "tainted": false
                    },
                    "deposed": [],
                    "provider": ""
                }
            },
            "depends_on": []
        },
        {
            "path": [
                "root",
                "aws_simpledb"
            ],
            "outputs": {},
            "resources": {},
            "depends_on": []
        },
        {
            "path": [
                "root",
                "aws_static_hosting"
            ],
            "outputs": {},
            "resources": {
                "aws_route53_zone.brewmap-co": {
                    "type": "aws_route53_zone",
                    "depends_on": [],
                    "primary": {
                        "id": "Z2XTLJTJPILEFJ",
                        "attributes": {
                            "comment": "Managed by Terraform",
                            "force_destroy": "false",
                            "id": "Z2XTLJTJPILEFJ",
                            "name": "brewmap.co",
                            "name_servers.#": "4",
                            "name_servers.0": "ns-1408.awsdns-48.org",
                            "name_servers.1": "ns-1847.awsdns-38.co.uk",
                            "name_servers.2": "ns-417.awsdns-52.com",
                            "name_servers.3": "ns-607.awsdns-11.net",
                            "tags.%": "0",
                            "zone_id": "Z2XTLJTJPILEFJ"
                        },
                        "meta": {},
                        "tainted": false
                    },
                    "deposed": [],
                    "provider": ""
                },
                "aws_s3_bucket.logs": {
                    "type": "aws_s3_bucket",
                    "depends_on": [],
                    "primary": {
                        "id": "cflogs.www.brewmap.co",
                        "attributes": {
                            "acceleration_status": "",
                            "acl": "private",
                            "arn": "arn:aws:s3:::cflogs.www.brewmap.co",
                            "bucket": "cflogs.www.brewmap.co",
                            "bucket_domain_name": "cflogs.www.brewmap.co.s3.amazonaws.com",
                            "force_destroy": "false",
                            "hosted_zone_id": "Z3AQBSTGFYJSTF",
                            "id": "cflogs.www.brewmap.co",
                            "logging.#": "0",
                            "region": "us-east-1",
                            "request_payer": "BucketOwner",
                            "tags.%": "0",
                            "versioning.#": "1",
                            "versioning.0.enabled": "false",
                            "versioning.0.mfa_delete": "false",
                            "website.#": "0"
                        },
                        "meta": {},
                        "tainted": false
                    },
                    "deposed": [],
                    "provider": ""
                },
                "aws_s3_bucket.s3": {
                    "type": "aws_s3_bucket",
                    "depends_on": [],
                    "primary": {
                        "id": "www.brewmap.co",
                        "attributes": {
                            "acceleration_status": "",
                            "acl": "public-read",
                            "arn": "arn:aws:s3:::www.brewmap.co",
                            "bucket": "www.brewmap.co",
                            "bucket_domain_name": "www.brewmap.co.s3.amazonaws.com",
                            "force_destroy": "false",
                            "hosted_zone_id": "Z3AQBSTGFYJSTF",
                            "id": "www.brewmap.co",
                            "logging.#": "0",
                            "region": "us-east-1",
                            "request_payer": "BucketOwner",
                            "tags.%": "0",
                            "versioning.#": "1",
                            "versioning.0.enabled": "false",
                            "versioning.0.mfa_delete": "false",
                            "website.#": "1",
                            "website.0.error_document": "index.html",
                            "website.0.index_document": "index.html",
                            "website.0.redirect_all_requests_to": "",
                            "website.0.routing_rules": "",
                            "website_domain": "s3-website-us-east-1.amazonaws.com",
                            "website_endpoint": "www.brewmap.co.s3-website-us-east-1.amazonaws.com"
                        },
                        "meta": {},
                        "tainted": false
                    },
                    "deposed": [],
                    "provider": ""
                },
                "data.aws_acm_certificate.wildcard": {
                    "type": "aws_acm_certificate",
                    "depends_on": [],
                    "primary": {
                        "id": "2017-11-08 00:42:17.248613 +0000 UTC",
                        "attributes": {
                            "arn": "arn:aws:acm:us-east-1:420538485983:certificate/dc46b58d-f6a1-4aae-a76c-5072da943452",
                            "domain": "*.brewmap.co",
                            "id": "2017-11-08 00:42:17.248613 +0000 UTC",
                            "statuses.#": "1",
                            "statuses.0": "ISSUED"
                        },
                        "meta": {},
                        "tainted": false
                    },
                    "deposed": [],
                    "provider": ""
                }
            },
            "depends_on": []
        },
        {
            "path": [
                "root",
                "docker-swarm"
            ],
            "outputs": {},
            "resources": {},
            "depends_on": []
        }
    ]
}
