{
    "version": 3,
    "terraform_version": "0.10.6",
    "serial": 22,
    "lineage": "1e0bea4a-3d32-4366-bbf0-99531744e429",
    "modules": [
        {
            "path": [
                "root"
            ],
            "outputs": {
                "swarm_ansible_inventory": {
                    "sensitive": false,
                    "type": "map",
                    "value": {
                        "masters": [
                            "107.170.243.231"
                        ]
                    }
                }
            },
            "resources": {
                "aws_iam_user_policy.terraform": {
                    "type": "aws_iam_user_policy",
                    "depends_on": [],
                    "primary": {
                        "id": "terraform:user-terraform-policy",
                        "attributes": {
                            "id": "terraform:user-terraform-policy",
                            "name": "user-terraform-policy",
                            "policy": "{\n  \"Version\": \"2012-10-17\",\n  \"Statement\": [\n    {\n      \"Effect\": \"Allow\",\n      \"Action\": [\n        \"iam:PutUserPolicy\",\n        \"iam:GetUserPolicy\"\n      ],\n      \"Resource\": [\n        \"arn:aws:iam::420538485983:user/terraform\"\n      ]\n    },\n    {\n      \"Effect\": \"Allow\",\n      \"Action\": [\n        \"s3:*\"\n      ],\n      \"Resource\": [\n        \"arn:aws:s3:::terraform.brewmap.co\",\n        \"arn:aws:s3:::terraform.brewmap.co/*\"\n      ]\n    }\n  ]\n}\n",
                            "user": "terraform"
                        },
                        "meta": {},
                        "tainted": false
                    },
                    "deposed": [],
                    "provider": ""
                },
                "digitalocean_domain.brewmap-co": {
                    "type": "digitalocean_domain",
                    "depends_on": [
                        "digitalocean_droplet.swarm1"
                    ],
                    "primary": {
                        "id": "brewmap.co",
                        "attributes": {
                            "id": "brewmap.co",
                            "ip_address": "107.170.243.231",
                            "name": "brewmap.co"
                        },
                        "meta": {},
                        "tainted": false
                    },
                    "deposed": [],
                    "provider": ""
                },
                "digitalocean_droplet.swarm1": {
                    "type": "digitalocean_droplet",
                    "depends_on": [],
                    "primary": {
                        "id": "64417822",
                        "attributes": {
                            "disk": "20",
                            "id": "64417822",
                            "image": "ubuntu-17-04-x64",
                            "ipv4_address": "107.170.243.231",
                            "locked": "false",
                            "name": "brewmap-swarm1",
                            "price_hourly": "0.00744",
                            "price_monthly": "5",
                            "region": "sfo1",
                            "resize_disk": "true",
                            "size": "512mb",
                            "ssh_keys.#": "1",
                            "ssh_keys.0": "90:86:b5:e2:22:96:a4:0c:3e:4e:56:c8:e5:06:55:a1",
                            "status": "active",
                            "tags.#": "0",
                            "vcpus": "1"
                        },
                        "meta": {},
                        "tainted": false
                    },
                    "deposed": [],
                    "provider": ""
                },
                "digitalocean_record.swarm-brewmap-co": {
                    "type": "digitalocean_record",
                    "depends_on": [
                        "digitalocean_domain.brewmap-co",
                        "digitalocean_droplet.swarm1"
                    ],
                    "primary": {
                        "id": "28833052",
                        "attributes": {
                            "domain": "brewmap.co",
                            "fqdn": "swarm.brewmap.co",
                            "id": "28833052",
                            "name": "swarm",
                            "port": "0",
                            "priority": "0",
                            "ttl": "1800",
                            "type": "A",
                            "value": "107.170.243.231",
                            "weight": "0"
                        },
                        "meta": {},
                        "tainted": false
                    },
                    "deposed": [],
                    "provider": ""
                },
                "digitalocean_record.wildcard-brewmap-co": {
                    "type": "digitalocean_record",
                    "depends_on": [
                        "digitalocean_domain.brewmap-co",
                        "digitalocean_droplet.swarm1"
                    ],
                    "primary": {
                        "id": "28833051",
                        "attributes": {
                            "domain": "brewmap.co",
                            "fqdn": "*.brewmap.co",
                            "id": "28833051",
                            "name": "*",
                            "port": "0",
                            "priority": "0",
                            "ttl": "1800",
                            "type": "A",
                            "value": "107.170.243.231",
                            "weight": "0"
                        },
                        "meta": {},
                        "tainted": false
                    },
                    "deposed": [],
                    "provider": ""
                },
                "digitalocean_record.www-brewmap-co": {
                    "type": "digitalocean_record",
                    "depends_on": [
                        "digitalocean_domain.brewmap-co"
                    ],
                    "primary": {
                        "id": "28833053",
                        "attributes": {
                            "domain": "brewmap.co",
                            "fqdn": "www.brewmap.co",
                            "id": "28833053",
                            "name": "www",
                            "port": "0",
                            "priority": "0",
                            "ttl": "1800",
                            "type": "CNAME",
                            "value": "www.brewmap.co.herokudns.com.",
                            "weight": "0"
                        },
                        "meta": {},
                        "tainted": false
                    },
                    "deposed": [],
                    "provider": ""
                }
            },
            "depends_on": []
        }
    ]
}
