{
    "version": 3,
    "terraform_version": "0.10.5",
    "serial": 9,
    "lineage": "1e0bea4a-3d32-4366-bbf0-99531744e429",
    "modules": [
        {
            "path": [
                "root"
            ],
            "outputs": {},
            "resources": {
                "aws_iam_user_policy.terraform": {
                    "type": "aws_iam_user_policy",
                    "depends_on": [],
                    "primary": {
                        "id": "terraform:user-terraform-policy",
                        "attributes": {
                            "id": "terraform:user-terraform-policy",
                            "name": "user-terraform-policy",
                            "policy": "{\n  \"Version\": \"2012-10-17\",\n  \"Statement\": [\n    {\n      \"Effect\": \"Allow\",\n      \"Action\": [\n        \"iam:PutUserPolicy\",\n        \"iam:GetUserPolicy\"\n      ],\n      \"Resource\": [\n        \"arn:aws:iam::420538485983:user/terraform\"\n      ]\n    },\n    {\n      \"Effect\": \"Allow\",\n      \"Action\": [\n        \"s3:*\"\n      ],\n      \"Resource\": [\n        \"arn:aws:s3:::terraform.brewmap.co/*\"\n      ]\n    }\n  ]\n}\n",
                            "user": "terraform"
                        },
                        "meta": {},
                        "tainted": false
                    },
                    "deposed": [],
                    "provider": ""
                },
                "aws_s3_bucket.remote_state": {
                    "type": "aws_s3_bucket",
                    "depends_on": [],
                    "primary": {
                        "id": "terraform.brewmap.co",
                        "attributes": {
                            "acceleration_status": "",
                            "acl": "private",
                            "arn": "arn:aws:s3:::terraform.brewmap.co",
                            "bucket": "terraform.brewmap.co",
                            "bucket_domain_name": "terraform.brewmap.co.s3.amazonaws.com",
                            "force_destroy": "false",
                            "hosted_zone_id": "Z3AQBSTGFYJSTF",
                            "id": "terraform.brewmap.co",
                            "logging.#": "0",
                            "region": "us-east-1",
                            "request_payer": "BucketOwner",
                            "tags.%": "0",
                            "versioning.#": "1",
                            "versioning.0.enabled": "true",
                            "versioning.0.mfa_delete": "false",
                            "website.#": "0"
                        },
                        "meta": {},
                        "tainted": false
                    },
                    "deposed": [],
                    "provider": ""
                }
            },
            "depends_on": []
        }
    ]
}
